
Microsoft Visual Studio Solution File, Format Version 12.00
# Visual Studio 2013
VisualStudioVersion = 12.0.31101.0
MinimumVisualStudioVersion = 10.0.40219.1
Project("{2150E333-8FDC-42A3-9474-1A3956D46DE8}") = "Gui", "Gui", "{719AD31A-1447-494B-93D5-897FCA9E0CCF}"
EndProject
Project("{2150E333-8FDC-42A3-9474-1A3956D46DE8}") = "Model", "Model", "{1EAEA804-9B78-4EF6-8D4F-3B6D3FA398D8}"
EndProject
Project("{FAE04EC0-301F-11D3-BF4B-00C04F79EFBC}") = "LogoUI.Samples.Client.Gui.Shell", "LogoUI.Samples.Client.Gui.Shell\LogoUI.Samples.Client.Gui.Shell.csproj", "{70E2AD73-DDF2-4AB2-9951-00F127DB3CA0}"
EndProject
Project("{FAE04EC0-301F-11D3-BF4B-00C04F79EFBC}") = "LogoUI.Samples.Client.Model.Contracts", "LogoUI.Samples.Client.Model.Contracts\LogoUI.Samples.Client.Model.Contracts.csproj", "{23BE14F7-5115-46A2-872F-DAD1E47B1E9A}"
EndProject
Project("{FAE04EC0-301F-11D3-BF4B-00C04F79EFBC}") = "LogoUI.Samples.Client.Model.Shared", "LogoUI.Samples.Client.Model.Shared\LogoUI.Samples.Client.Model.Shared.csproj", "{48258CD5-142E-44BE-A4D3-5B477CF3FFD9}"
EndProject
Project("{2150E333-8FDC-42A3-9474-1A3956D46DE8}") = "Shell", "Shell", "{B2227092-91D4-4DE7-BC60-0160C0E4CEFA}"
EndProject
Project("{2150E333-8FDC-42A3-9474-1A3956D46DE8}") = "Modularity", "Modularity", "{8D46CDE6-46BD-47C4-9807-6231F4BBA238}"
EndProject
Project("{FAE04EC0-301F-11D3-BF4B-00C04F79EFBC}") = "LogoUI.Samples.Client.Gui.Modularity", "LogoUI.Samples.Client.Gui.Modularity\LogoUI.Samples.Client.Gui.Modularity.csproj", "{B4CAD13A-CF4C-4C59-A1D1-7E9A6CE0E745}"
EndProject
Project("{2150E333-8FDC-42A3-9474-1A3956D46DE8}") = "Shared", "Shared", "{BD3BECF5-9D92-4CD9-B4D3-68CE8CB4B2A6}"
EndProject
Project("{FAE04EC0-301F-11D3-BF4B-00C04F79EFBC}") = "LogoUI.Samples.Client.Gui.Shared", "LogoUI.Samples.Client.Gui.Shared\LogoUI.Samples.Client.Gui.Shared.csproj", "{86BCD015-0BC9-4374-B5A9-D70E0B88265F}"
EndProject
Project("{2150E333-8FDC-42A3-9474-1A3956D46DE8}") = "Modules", "Modules", "{B6654931-5D5A-4E1F-8D5A-04A94844DB5E}"
EndProject
Project("{2150E333-8FDC-42A3-9474-1A3956D46DE8}") = "Compliance", "Compliance", "{0B83C47A-8379-43CC-A763-5F966A5B01CA}"
EndProject
Project("{FAE04EC0-301F-11D3-BF4B-00C04F79EFBC}") = "LogoUI.Samples.Client.Gui.Modules.Compliance", "LogoUI.Samples.Client.Gui.Modules.Compliance\LogoUI.Samples.Client.Gui.Modules.Compliance.csproj", "{90B5349D-F98A-48BB-A9E6-56DF97CA2C5A}"
EndProject
Project("{2150E333-8FDC-42A3-9474-1A3956D46DE8}") = "Automation", "Automation", "{84852D35-3BFD-46B8-BFAA-B5B949DE0425}"
EndProject
Project("{FAE04EC0-301F-11D3-BF4B-00C04F79EFBC}") = "LogoUI.Samples.Client.Gui.Modules.Automation", "LogoUI.Samples.Client.Gui.Modules.Automation\LogoUI.Samples.Client.Gui.Modules.Automation.csproj", "{87AA6003-4890-4343-9076-B9C86494091C}"
EndProject
Project("{2150E333-8FDC-42A3-9474-1A3956D46DE8}") = "Data", "Data", "{FFBD76C8-7D70-44D2-B78A-E1CB35845E1A}"
EndProject
Project("{FAE04EC0-301F-11D3-BF4B-00C04F79EFBC}") = "LogoUI.Samples.Client.Data.Contracts", "LogoUI.Samples.Client.Data.Contracts\LogoUI.Samples.Client.Data.Contracts.csproj", "{7ADCF510-CE38-4BE1-8654-937D3D739E30}"
EndProject
Project("{FAE04EC0-301F-11D3-BF4B-00C04F79EFBC}") = "LogoUI.Samples.Client.Data.Providers.Contracts", "LogoUI.Samples.Client.Data.Providers.Contracts\LogoUI.Samples.Client.Data.Providers.Contracts.csproj", "{47BD9F45-48CC-46D2-9F02-2451A67BE8E7}"
EndProject
Project("{FAE04EC0-301F-11D3-BF4B-00C04F79EFBC}") = "LogoUI.Samples.Client.Data.Providers.Fake", "LogoUI.Samples.Client.Data.Providers.Fake\LogoUI.Samples.Client.Data.Providers.Fake.csproj", "{553749EC-1D43-4640-BC99-D74595D61E0A}"
EndProject
Project("{FAE04EC0-301F-11D3-BF4B-00C04F79EFBC}") = "LogoUI.Samples.Client.Data.Providers.Real", "LogoUI.Samples.Client.Data.Providers.Real\LogoUI.Samples.Client.Data.Providers.Real.csproj", "{6C56DA4B-0426-489C-845C-57B1C0AD51A5}"
EndProject
Global
	GlobalSection(SolutionConfigurationPlatforms) = preSolution
		Debug|Any CPU = Debug|Any CPU
		DebugWithFake|Any CPU = DebugWithFake|Any CPU
		DebugWithMock|Any CPU = DebugWithMock|Any CPU
		DebugWithReal|Any CPU = DebugWithReal|Any CPU
		Release|Any CPU = Release|Any CPU
	EndGlobalSection
	GlobalSection(ProjectConfigurationPlatforms) = postSolution
		{70E2AD73-DDF2-4AB2-9951-00F127DB3CA0}.Debug|Any CPU.ActiveCfg = Debug|Any CPU
		{70E2AD73-DDF2-4AB2-9951-00F127DB3CA0}.Debug|Any CPU.Build.0 = Debug|Any CPU
		{70E2AD73-DDF2-4AB2-9951-00F127DB3CA0}.DebugWithFake|Any CPU.ActiveCfg = DebugWithFake|Any CPU
		{70E2AD73-DDF2-4AB2-9951-00F127DB3CA0}.DebugWithFake|Any CPU.Build.0 = DebugWithFake|Any CPU
		{70E2AD73-DDF2-4AB2-9951-00F127DB3CA0}.DebugWithMock|Any CPU.ActiveCfg = DebugWithFake|Any CPU
		{70E2AD73-DDF2-4AB2-9951-00F127DB3CA0}.DebugWithMock|Any CPU.Build.0 = DebugWithFake|Any CPU
		{70E2AD73-DDF2-4AB2-9951-00F127DB3CA0}.DebugWithReal|Any CPU.ActiveCfg = DebugWithReal|Any CPU
		{70E2AD73-DDF2-4AB2-9951-00F127DB3CA0}.DebugWithReal|Any CPU.Build.0 = DebugWithReal|Any CPU
		{70E2AD73-DDF2-4AB2-9951-00F127DB3CA0}.Release|Any CPU.ActiveCfg = Release|Any CPU
		{70E2AD73-DDF2-4AB2-9951-00F127DB3CA0}.Release|Any CPU.Build.0 = Release|Any CPU
		{23BE14F7-5115-46A2-872F-DAD1E47B1E9A}.Debug|Any CPU.ActiveCfg = Debug|Any CPU
		{23BE14F7-5115-46A2-872F-DAD1E47B1E9A}.Debug|Any CPU.Build.0 = Debug|Any CPU
		{23BE14F7-5115-46A2-872F-DAD1E47B1E9A}.DebugWithFake|Any CPU.ActiveCfg = Debug|Any CPU
		{23BE14F7-5115-46A2-872F-DAD1E47B1E9A}.DebugWithFake|Any CPU.Build.0 = Debug|Any CPU
		{23BE14F7-5115-46A2-872F-DAD1E47B1E9A}.DebugWithMock|Any CPU.ActiveCfg = Debug|Any CPU
		{23BE14F7-5115-46A2-872F-DAD1E47B1E9A}.DebugWithMock|Any CPU.Build.0 = Debug|Any CPU
		{23BE14F7-5115-46A2-872F-DAD1E47B1E9A}.DebugWithReal|Any CPU.ActiveCfg = Debug|Any CPU
		{23BE14F7-5115-46A2-872F-DAD1E47B1E9A}.DebugWithReal|Any CPU.Build.0 = Debug|Any CPU
		{23BE14F7-5115-46A2-872F-DAD1E47B1E9A}.Release|Any CPU.ActiveCfg = Release|Any CPU
		{23BE14F7-5115-46A2-872F-DAD1E47B1E9A}.Release|Any CPU.Build.0 = Release|Any CPU
		{48258CD5-142E-44BE-A4D3-5B477CF3FFD9}.Debug|Any CPU.ActiveCfg = Debug|Any CPU
		{48258CD5-142E-44BE-A4D3-5B477CF3FFD9}.Debug|Any CPU.Build.0 = Debug|Any CPU
		{48258CD5-142E-44BE-A4D3-5B477CF3FFD9}.DebugWithFake|Any CPU.ActiveCfg = Debug|Any CPU
		{48258CD5-142E-44BE-A4D3-5B477CF3FFD9}.DebugWithFake|Any CPU.Build.0 = Debug|Any CPU
		{48258CD5-142E-44BE-A4D3-5B477CF3FFD9}.DebugWithMock|Any CPU.ActiveCfg = Debug|Any CPU
		{48258CD5-142E-44BE-A4D3-5B477CF3FFD9}.DebugWithMock|Any CPU.Build.0 = Debug|Any CPU
		{48258CD5-142E-44BE-A4D3-5B477CF3FFD9}.DebugWithReal|Any CPU.ActiveCfg = Debug|Any CPU
		{48258CD5-142E-44BE-A4D3-5B477CF3FFD9}.DebugWithReal|Any CPU.Build.0 = Debug|Any CPU
		{48258CD5-142E-44BE-A4D3-5B477CF3FFD9}.Release|Any CPU.ActiveCfg = Release|Any CPU
		{48258CD5-142E-44BE-A4D3-5B477CF3FFD9}.Release|Any CPU.Build.0 = Release|Any CPU
		{B4CAD13A-CF4C-4C59-A1D1-7E9A6CE0E745}.Debug|Any CPU.ActiveCfg = Debug|Any CPU
		{B4CAD13A-CF4C-4C59-A1D1-7E9A6CE0E745}.Debug|Any CPU.Build.0 = Debug|Any CPU
		{B4CAD13A-CF4C-4C59-A1D1-7E9A6CE0E745}.DebugWithFake|Any CPU.ActiveCfg = Debug|Any CPU
		{B4CAD13A-CF4C-4C59-A1D1-7E9A6CE0E745}.DebugWithFake|Any CPU.Build.0 = Debug|Any CPU
		{B4CAD13A-CF4C-4C59-A1D1-7E9A6CE0E745}.DebugWithMock|Any CPU.ActiveCfg = Debug|Any CPU
		{B4CAD13A-CF4C-4C59-A1D1-7E9A6CE0E745}.DebugWithMock|Any CPU.Build.0 = Debug|Any CPU
		{B4CAD13A-CF4C-4C59-A1D1-7E9A6CE0E745}.DebugWithReal|Any CPU.ActiveCfg = Debug|Any CPU
		{B4CAD13A-CF4C-4C59-A1D1-7E9A6CE0E745}.DebugWithReal|Any CPU.Build.0 = Debug|Any CPU
		{B4CAD13A-CF4C-4C59-A1D1-7E9A6CE0E745}.Release|Any CPU.ActiveCfg = Release|Any CPU
		{B4CAD13A-CF4C-4C59-A1D1-7E9A6CE0E745}.Release|Any CPU.Build.0 = Release|Any CPU
		{86BCD015-0BC9-4374-B5A9-D70E0B88265F}.Debug|Any CPU.ActiveCfg = Debug|Any CPU
		{86BCD015-0BC9-4374-B5A9-D70E0B88265F}.Debug|Any CPU.Build.0 = Debug|Any CPU
		{86BCD015-0BC9-4374-B5A9-D70E0B88265F}.DebugWithFake|Any CPU.ActiveCfg = Debug|Any CPU
		{86BCD015-0BC9-4374-B5A9-D70E0B88265F}.DebugWithFake|Any CPU.Build.0 = Debug|Any CPU
		{86BCD015-0BC9-4374-B5A9-D70E0B88265F}.DebugWithMock|Any CPU.ActiveCfg = Debug|Any CPU
		{86BCD015-0BC9-4374-B5A9-D70E0B88265F}.DebugWithMock|Any CPU.Build.0 = Debug|Any CPU
		{86BCD015-0BC9-4374-B5A9-D70E0B88265F}.DebugWithReal|Any CPU.ActiveCfg = Debug|Any CPU
		{86BCD015-0BC9-4374-B5A9-D70E0B88265F}.DebugWithReal|Any CPU.Build.0 = Debug|Any CPU
		{86BCD015-0BC9-4374-B5A9-D70E0B88265F}.Release|Any CPU.ActiveCfg = Release|Any CPU
		{86BCD015-0BC9-4374-B5A9-D70E0B88265F}.Release|Any CPU.Build.0 = Release|Any CPU
		{90B5349D-F98A-48BB-A9E6-56DF97CA2C5A}.Debug|Any CPU.ActiveCfg = Debug|Any CPU
		{90B5349D-F98A-48BB-A9E6-56DF97CA2C5A}.Debug|Any CPU.Build.0 = Debug|Any CPU
		{90B5349D-F98A-48BB-A9E6-56DF97CA2C5A}.DebugWithFake|Any CPU.ActiveCfg = DebugWithFake|Any CPU
		{90B5349D-F98A-48BB-A9E6-56DF97CA2C5A}.DebugWithFake|Any CPU.Build.0 = DebugWithFake|Any CPU
		{90B5349D-F98A-48BB-A9E6-56DF97CA2C5A}.DebugWithMock|Any CPU.ActiveCfg = DebugWithFake|Any CPU
		{90B5349D-F98A-48BB-A9E6-56DF97CA2C5A}.DebugWithMock|Any CPU.Build.0 = DebugWithFake|Any CPU
		{90B5349D-F98A-48BB-A9E6-56DF97CA2C5A}.DebugWithReal|Any CPU.ActiveCfg = DebugWithReal|Any CPU
		{90B5349D-F98A-48BB-A9E6-56DF97CA2C5A}.DebugWithReal|Any CPU.Build.0 = DebugWithReal|Any CPU
		{90B5349D-F98A-48BB-A9E6-56DF97CA2C5A}.Release|Any CPU.ActiveCfg = Release|Any CPU
		{90B5349D-F98A-48BB-A9E6-56DF97CA2C5A}.Release|Any CPU.Build.0 = Release|Any CPU
		{87AA6003-4890-4343-9076-B9C86494091C}.Debug|Any CPU.ActiveCfg = Debug|Any CPU
		{87AA6003-4890-4343-9076-B9C86494091C}.Debug|Any CPU.Build.0 = Debug|Any CPU
		{87AA6003-4890-4343-9076-B9C86494091C}.DebugWithFake|Any CPU.ActiveCfg = DebugWithFake|Any CPU
		{87AA6003-4890-4343-9076-B9C86494091C}.DebugWithFake|Any CPU.Build.0 = DebugWithFake|Any CPU
		{87AA6003-4890-4343-9076-B9C86494091C}.DebugWithMock|Any CPU.ActiveCfg = DebugWithFake|Any CPU
		{87AA6003-4890-4343-9076-B9C86494091C}.DebugWithMock|Any CPU.Build.0 = DebugWithFake|Any CPU
		{87AA6003-4890-4343-9076-B9C86494091C}.DebugWithReal|Any CPU.ActiveCfg = DebugWithReal|Any CPU
		{87AA6003-4890-4343-9076-B9C86494091C}.DebugWithReal|Any CPU.Build.0 = DebugWithReal|Any CPU
		{87AA6003-4890-4343-9076-B9C86494091C}.Release|Any CPU.ActiveCfg = Release|Any CPU
		{87AA6003-4890-4343-9076-B9C86494091C}.Release|Any CPU.Build.0 = Release|Any CPU
		{7ADCF510-CE38-4BE1-8654-937D3D739E30}.Debug|Any CPU.ActiveCfg = Debug|Any CPU
		{7ADCF510-CE38-4BE1-8654-937D3D739E30}.Debug|Any CPU.Build.0 = Debug|Any CPU
		{7ADCF510-CE38-4BE1-8654-937D3D739E30}.DebugWithFake|Any CPU.ActiveCfg = DebugWithFake|Any CPU
		{7ADCF510-CE38-4BE1-8654-937D3D739E30}.DebugWithFake|Any CPU.Build.0 = DebugWithFake|Any CPU
		{7ADCF510-CE38-4BE1-8654-937D3D739E30}.DebugWithMock|Any CPU.ActiveCfg = Debug|Any CPU
		{7ADCF510-CE38-4BE1-8654-937D3D739E30}.DebugWithMock|Any CPU.Build.0 = Debug|Any CPU
		{7ADCF510-CE38-4BE1-8654-937D3D739E30}.DebugWithReal|Any CPU.ActiveCfg = Debug|Any CPU
		{7ADCF510-CE38-4BE1-8654-937D3D739E30}.DebugWithReal|Any CPU.Build.0 = Debug|Any CPU
		{7ADCF510-CE38-4BE1-8654-937D3D739E30}.Release|Any CPU.ActiveCfg = Release|Any CPU
		{7ADCF510-CE38-4BE1-8654-937D3D739E30}.Release|Any CPU.Build.0 = Release|Any CPU
		{47BD9F45-48CC-46D2-9F02-2451A67BE8E7}.Debug|Any CPU.ActiveCfg = Debug|Any CPU
		{47BD9F45-48CC-46D2-9F02-2451A67BE8E7}.Debug|Any CPU.Build.0 = Debug|Any CPU
		{47BD9F45-48CC-46D2-9F02-2451A67BE8E7}.DebugWithFake|Any CPU.ActiveCfg = DebugWithFake|Any CPU
		{47BD9F45-48CC-46D2-9F02-2451A67BE8E7}.DebugWithFake|Any CPU.Build.0 = DebugWithFake|Any CPU
		{47BD9F45-48CC-46D2-9F02-2451A67BE8E7}.DebugWithMock|Any CPU.ActiveCfg = Debug|Any CPU
		{47BD9F45-48CC-46D2-9F02-2451A67BE8E7}.DebugWithMock|Any CPU.Build.0 = Debug|Any CPU
		{47BD9F45-48CC-46D2-9F02-2451A67BE8E7}.DebugWithReal|Any CPU.ActiveCfg = Debug|Any CPU
		{47BD9F45-48CC-46D2-9F02-2451A67BE8E7}.DebugWithReal|Any CPU.Build.0 = Debug|Any CPU
		{47BD9F45-48CC-46D2-9F02-2451A67BE8E7}.Release|Any CPU.ActiveCfg = Release|Any CPU
		{47BD9F45-48CC-46D2-9F02-2451A67BE8E7}.Release|Any CPU.Build.0 = Release|Any CPU
		{553749EC-1D43-4640-BC99-D74595D61E0A}.Debug|Any CPU.ActiveCfg = Debug|Any CPU
		{553749EC-1D43-4640-BC99-D74595D61E0A}.Debug|Any CPU.Build.0 = Debug|Any CPU
		{553749EC-1D43-4640-BC99-D74595D61E0A}.DebugWithFake|Any CPU.ActiveCfg = DebugWithFake|Any CPU
		{553749EC-1D43-4640-BC99-D74595D61E0A}.DebugWithFake|Any CPU.Build.0 = DebugWithFake|Any CPU
		{553749EC-1D43-4640-BC99-D74595D61E0A}.DebugWithMock|Any CPU.ActiveCfg = Debug|Any CPU
		{553749EC-1D43-4640-BC99-D74595D61E0A}.DebugWithMock|Any CPU.Build.0 = Debug|Any CPU
		{553749EC-1D43-4640-BC99-D74595D61E0A}.DebugWithReal|Any CPU.ActiveCfg = Debug|Any CPU
		{553749EC-1D43-4640-BC99-D74595D61E0A}.DebugWithReal|Any CPU.Build.0 = Debug|Any CPU
		{553749EC-1D43-4640-BC99-D74595D61E0A}.Release|Any CPU.ActiveCfg = Release|Any CPU
		{553749EC-1D43-4640-BC99-D74595D61E0A}.Release|Any CPU.Build.0 = Release|Any CPU
		{6C56DA4B-0426-489C-845C-57B1C0AD51A5}.Debug|Any CPU.ActiveCfg = Debug|Any CPU
		{6C56DA4B-0426-489C-845C-57B1C0AD51A5}.Debug|Any CPU.Build.0 = Debug|Any CPU
		{6C56DA4B-0426-489C-845C-57B1C0AD51A5}.DebugWithFake|Any CPU.ActiveCfg = DebugWithFake|Any CPU
		{6C56DA4B-0426-489C-845C-57B1C0AD51A5}.DebugWithMock|Any CPU.ActiveCfg = Debug|Any CPU
		{6C56DA4B-0426-489C-845C-57B1C0AD51A5}.DebugWithMock|Any CPU.Build.0 = Debug|Any CPU
		{6C56DA4B-0426-489C-845C-57B1C0AD51A5}.DebugWithReal|Any CPU.ActiveCfg = Debug|Any CPU
		{6C56DA4B-0426-489C-845C-57B1C0AD51A5}.DebugWithReal|Any CPU.Build.0 = Debug|Any CPU
		{6C56DA4B-0426-489C-845C-57B1C0AD51A5}.Release|Any CPU.ActiveCfg = Release|Any CPU
		{6C56DA4B-0426-489C-845C-57B1C0AD51A5}.Release|Any CPU.Build.0 = Release|Any CPU
	EndGlobalSection
	GlobalSection(SolutionProperties) = preSolution
		HideSolutionNode = FALSE
	EndGlobalSection
	GlobalSection(NestedProjects) = preSolution
		{70E2AD73-DDF2-4AB2-9951-00F127DB3CA0} = {B2227092-91D4-4DE7-BC60-0160C0E4CEFA}
		{23BE14F7-5115-46A2-872F-DAD1E47B1E9A} = {1EAEA804-9B78-4EF6-8D4F-3B6D3FA398D8}
		{48258CD5-142E-44BE-A4D3-5B477CF3FFD9} = {1EAEA804-9B78-4EF6-8D4F-3B6D3FA398D8}
		{B2227092-91D4-4DE7-BC60-0160C0E4CEFA} = {719AD31A-1447-494B-93D5-897FCA9E0CCF}
		{8D46CDE6-46BD-47C4-9807-6231F4BBA238} = {719AD31A-1447-494B-93D5-897FCA9E0CCF}
		{B4CAD13A-CF4C-4C59-A1D1-7E9A6CE0E745} = {8D46CDE6-46BD-47C4-9807-6231F4BBA238}
		{BD3BECF5-9D92-4CD9-B4D3-68CE8CB4B2A6} = {719AD31A-1447-494B-93D5-897FCA9E0CCF}
		{86BCD015-0BC9-4374-B5A9-D70E0B88265F} = {BD3BECF5-9D92-4CD9-B4D3-68CE8CB4B2A6}
		{B6654931-5D5A-4E1F-8D5A-04A94844DB5E} = {719AD31A-1447-494B-93D5-897FCA9E0CCF}
		{0B83C47A-8379-43CC-A763-5F966A5B01CA} = {B6654931-5D5A-4E1F-8D5A-04A94844DB5E}
		{90B5349D-F98A-48BB-A9E6-56DF97CA2C5A} = {0B83C47A-8379-43CC-A763-5F966A5B01CA}
		{84852D35-3BFD-46B8-BFAA-B5B949DE0425} = {B6654931-5D5A-4E1F-8D5A-04A94844DB5E}
		{87AA6003-4890-4343-9076-B9C86494091C} = {84852D35-3BFD-46B8-BFAA-B5B949DE0425}
		{7ADCF510-CE38-4BE1-8654-937D3D739E30} = {FFBD76C8-7D70-44D2-B78A-E1CB35845E1A}
		{47BD9F45-48CC-46D2-9F02-2451A67BE8E7} = {FFBD76C8-7D70-44D2-B78A-E1CB35845E1A}
		{553749EC-1D43-4640-BC99-D74595D61E0A} = {FFBD76C8-7D70-44D2-B78A-E1CB35845E1A}
		{6C56DA4B-0426-489C-845C-57B1C0AD51A5} = {FFBD76C8-7D70-44D2-B78A-E1CB35845E1A}
	EndGlobalSection
EndGlobal
